// !$*UTF8*$!
{
	archiveVersion = 1;
	classes = {
	};
	objectVersion = 46;
	objects = {

/* Begin PBXBuildFile section */
		2F71EC47B7409CD4292F8559 /* Pods_newAeolus.framework in Frameworks */ = {isa = PBXBuildFile; fileRef = D0114F528A290E83C759934C /* Pods_newAeolus.framework */; };
		BE34D8F71D4F836800D15D96 /* AppDelegate.swift in Sources */ = {isa = PBXBuildFile; fileRef = BE34D8F61D4F836800D15D96 /* AppDelegate.swift */; };
		BE34D8F91D4F836800D15D96 /* WeatherVC.swift in Sources */ = {isa = PBXBuildFile; fileRef = BE34D8F81D4F836800D15D96 /* WeatherVC.swift */; };
		BE34D8FC1D4F836800D15D96 /* Main.storyboard in Resources */ = {isa = PBXBuildFile; fileRef = BE34D8FA1D4F836800D15D96 /* Main.storyboard */; };
		BE34D8FE1D4F836800D15D96 /* Assets.xcassets in Resources */ = {isa = PBXBuildFile; fileRef = BE34D8FD1D4F836800D15D96 /* Assets.xcassets */; };
		BE34D9011D4F836800D15D96 /* LaunchScreen.storyboard in Resources */ = {isa = PBXBuildFile; fileRef = BE34D8FF1D4F836800D15D96 /* LaunchScreen.storyboard */; };
/* End PBXBuildFile section */

/* Begin PBXFileReference section */
		4B4753A1B2DDA9AB65CCC72C /* Pods-newAeolus.release.xcconfig */ = {isa = PBXFileReference; includeInIndex = 1; lastKnownFileType = text.xcconfig; name = "Pods-newAeolus.release.xcconfig"; path = "Pods/Target Support Files/Pods-newAeolus/Pods-newAeolus.release.xcconfig"; sourceTree = "<group>"; };
		857C28113FA0886FA6A180F6 /* Pods-newAeolus.debug.xcconfig */ = {isa = PBXFileReference; includeInIndex = 1; lastKnownFileType = text.xcconfig; name = "Pods-newAeolus.debug.xcconfig"; path = "Pods/Target Support Files/Pods-newAeolus/Pods-newAeolus.debug.xcconfig"; sourceTree = "<group>"; };
		BE34D8F31D4F836800D15D96 /* newAeolus.app */ = {isa = PBXFileReference; explicitFileType = wrapper.application; includeInIndex = 0; path = newAeolus.app; sourceTree = BUILT_PRODUCTS_DIR; };
		BE34D8F61D4F836800D15D96 /* AppDelegate.swift */ = {isa = PBXFileReference; lastKnownFileType = sourcecode.swift; path = AppDelegate.swift; sourceTree = "<group>"; };
		BE34D8F81D4F836800D15D96 /* WeatherVC.swift */ = {isa = PBXFileReference; lastKnownFileType = sourcecode.swift; path = WeatherVC.swift; sourceTree = "<group>"; };
		BE34D8FB1D4F836800D15D96 /* Base */ = {isa = PBXFileReference; lastKnownFileType = file.storyboard; name = Base; path = Base.lproj/Main.storyboard; sourceTree = "<group>"; };
		BE34D8FD1D4F836800D15D96 /* Assets.xcassets */ = {isa = PBXFileReference; lastKnownFileType = folder.assetcatalog; path = Assets.xcassets; sourceTree = "<group>"; };
		BE34D9001D4F836800D15D96 /* Base */ = {isa = PBXFileReference; lastKnownFileType = file.storyboard; name = Base; path = Base.lproj/LaunchScreen.storyboard; sourceTree = "<group>"; };
		BE34D9021D4F836800D15D96 /* Info.plist */ = {isa = PBXFileReference; lastKnownFileType = text.plist.xml; path = Info.plist; sourceTree = "<group>"; };
		D0114F528A290E83C759934C /* Pods_newAeolus.framework */ = {isa = PBXFileReference; explicitFileType = wrapper.framework; includeInIndex = 0; path = Pods_newAeolus.framework; sourceTree = BUILT_PRODUCTS_DIR; };
/* End PBXFileReference section */

/* Begin PBXFrameworksBuildPhase section */
		BE34D8F01D4F836800D15D96 /* Frameworks */ = {
			isa = PBXFrameworksBuildPhase;
			buildActionMask = 2147483647;
			files = (
				2F71EC47B7409CD4292F8559 /* Pods_newAeolus.framework in Frameworks */,
			);
			runOnlyForDeploymentPostprocessing = 0;
		};
/* End PBXFrameworksBuildPhase section */

/* Begin PBXGroup section */
		13368123B5F34DB0BE512FAB /* Pods */ = {
			isa = PBXGroup;
			children = (
				857C28113FA0886FA6A180F6 /* Pods-newAeolus.debug.xcconfig */,
				4B4753A1B2DDA9AB65CCC72C /* Pods-newAeolus.release.xcconfig */,
			);
			name = Pods;
			sourceTree = "<group>";
		};
		BE34D8EA1D4F836700D15D96 = {
			isa = PBXGroup;
			children = (
				BE34D8F51D4F836800D15D96 /* newAeolus */,
				BE34D8F41D4F836800D15D96 /* Products */,
				13368123B5F34DB0BE512FAB /* Pods */,
				EF0B5733EA643507C3EE35A1 /* Frameworks */,
			);
			sourceTree = "<group>";
		};
		BE34D8F41D4F836800D15D96 /* Products */ = {
			isa = PBXGroup;
			children = (
				BE34D8F31D4F836800D15D96 /* newAeolus.app */,
			);
			name = Products;
			sourceTree = "<group>";
		};
		BE34D8F51D4F836800D15D96 /* newAeolus */ = {
			isa = PBXGroup;
			children = (
				BE34D8F61D4F836800D15D96 /* AppDelegate.swift */,
				BE34D8F81D4F836800D15D96 /* WeatherVC.swift */,
				BE34D8FA1D4F836800D15D96 /* Main.storyboard */,
				BE34D8FD1D4F836800D15D96 /* Assets.xcassets */,
				BE34D8FF1D4F836800D15D96 /* LaunchScreen.storyboard */,
				BE34D9021D4F836800D15D96 /* Info.plist */,
			);
			path = newAeolus;
			sourceTree = "<group>";
		};
		EF0B5733EA643507C3EE35A1 /* Frameworks */ = {
			isa = PBXGroup;
			children = (
				D0114F528A290E83C759934C /* Pods_newAeolus.framework */,
			);
			name = Frameworks;
			sourceTree = "<group>";
		};
/* End PBXGroup section */

/* Begin PBXNativeTarget section */
		BE34D8F21D4F836800D15D96 /* newAeolus */ = {
			isa = PBXNativeTarget;
			buildConfigurationList = BE34D9051D4F836800D15D96 /* Build configuration list for PBXNativeTarget "newAeolus" */;
			buildPhases = (
				2A3D1D40B0690EB6157EF47B /* [CP] Check Pods Manifest.lock */,
				BE34D8EF1D4F836800D15D96 /* Sources */,
				BE34D8F01D4F836800D15D96 /* Frameworks */,
				BE34D8F11D4F836800D15D96 /* Resources */,
				2D041A13CD533DB5ABDE8343 /* [CP] Embed Pods Frameworks */,
				543E573AA225A674071BF16B /* [CP] Copy Pods Resources */,
			);
			buildRules = (
			);
			dependencies = (
			);
			name = newAeolus;
			productName = newAeolus;
			productReference = BE34D8F31D4F836800D15D96 /* newAeolus.app */;
			productType = "com.apple.product-type.application";
		};
/* End PBXNativeTarget section */

/* Begin PBXProject section */
		BE34D8EB1D4F836700D15D96 /* Project object */ = {
			isa = PBXProject;
			attributes = {
				LastSwiftUpdateCheck = 0800;
				LastUpgradeCheck = 0800;
				ORGANIZATIONNAME = "Josh Kim";
				TargetAttributes = {
					BE34D8F21D4F836800D15D96 = {
						CreatedOnToolsVersion = 8.0;
						DevelopmentTeam = YL6PCBWLUV;
						DevelopmentTeamName = "Jeong Kim (Personal Team)";
						LastSwiftMigration = 0800;
						ProvisioningStyle = Automatic;
					};
				};
			};
			buildConfigurationList = BE34D8EE1D4F836700D15D96 /* Build configuration list for PBXProject "newAeolus" */;
			compatibilityVersion = "Xcode 3.2";
			developmentRegion = English;
			hasScannedForEncodings = 0;
			knownRegions = (
				en,
				Base,
			);
			mainGroup = BE34D8EA1D4F836700D15D96;
			productRefGroup = BE34D8F41D4F836800D15D96 /* Products */;
			projectDirPath = "";
			projectRoot = "";
			targets = (
				BE34D8F21D4F836800D15D96 /* newAeolus */,
			);
		};
/* End PBXProject section */

/* Begin PBXResourcesBuildPhase section */
		BE34D8F11D4F836800D15D96 /* Resources */ = {
			isa = PBXResourcesBuildPhase;
			buildActionMask = 2147483647;
			files = (
				BE34D9011D4F836800D15D96 /* LaunchScreen.storyboard in Resources */,
				BE34D8FE1D4F836800D15D96 /* Assets.xcassets in Resources */,
				BE34D8FC1D4F836800D15D96 /* Main.storyboard in Resources */,
			);
			runOnlyForDeploymentPostprocessing = 0;
		};
/* End PBXResourcesBuildPhase section */

/* Begin PBXShellScriptBuildPhase section */
		2A3D1D40B0690EB6157EF47B /* [CP] Check Pods Manifest.lock */ = {
			isa = PBXShellScriptBuildPhase;
			buildActionMask = 2147483647;
			files = (
			);
			inputPaths = (
			);
			name = "[CP] Check Pods Manifest.lock";
			outputPaths = (
			);
			runOnlyForDeploymentPostprocessing = 0;
			shellPath = /bin/sh;
			shellScript = "diff \"${PODS_ROOT}/../Podfile.lock\" \"${PODS_ROOT}/Manifest.lock\" > /dev/null\nif [[ $? != 0 ]] ; then\n    cat << EOM\nerror: The sandbox is not in sync with the Podfile.lock. Run 'pod install' or update your CocoaPods installation.\nEOM\n    exit 1\nfi\n";
			showEnvVarsInLog = 0;
		};
		2D041A13CD533DB5ABDE8343 /* [CP] Embed Pods Frameworks */ = {
			isa = PBXShellScriptBuildPhase;
			buildActionMask = 2147483647;
			files = (
			);
			inputPaths = (
			);
			name = "[CP] Embed Pods Frameworks";
			outputPaths = (
			);
			runOnlyForDeploymentPostprocessing = 0;
			shellPath = /bin/sh;
			shellScript = "\"${SRCROOT}/Pods/Target Support Files/Pods-newAeolus/Pods-newAeolus-frameworks.sh\"\n";
			showEnvVarsInLog = 0;
		};
		543E573AA225A674071BF16B /* [CP] Copy Pods Resources */ = {
			isa = PBXShellScriptBuildPhase;
			buildActionMask = 2147483647;
			files = (
			);
			inputPaths = (
			);
			name = "[CP] Copy Pods Resources";
			outputPaths = (
			);
			runOnlyForDeploymentPostprocessing = 0;
			shellPath = /bin/sh;
			shellScript = "\"${SRCROOT}/Pods/Target Support Files/Pods-newAeolus/Pods-newAeolus-resources.sh\"\n";
			showEnvVarsInLog = 0;
		};
/* End PBXShellScriptBuildPhase section */

/* Begin PBXSourcesBuildPhase section */
		BE34D8EF1D4F836800D15D96 /* Sources */ = {
			isa = PBXSourcesBuildPhase;
			buildActionMask = 2147483647;
			files = (
				BE34D8F91D4F836800D15D96 /* WeatherVC.swift in Sources */,
				BE34D8F71D4F836800D15D96 /* AppDelegate.swift in Sources */,
			);
			runOnlyForDeploymentPostprocessing = 0;
		};
/* End PBXSourcesBuildPhase section */

/* Begin PBXVariantGroup section */
		BE34D8FA1D4F836800D15D96 /* Main.storyboard */ = {
			isa = PBXVariantGroup;
			children = (
				BE34D8FB1D4F836800D15D96 /* Base */,
			);
			name = Main.storyboard;
			sourceTree = "<group>";
		};
		BE34D8FF1D4F836800D15D96 /* LaunchScreen.storyboard */ = {
			isa = PBXVariantGroup;
			children = (
				BE34D9001D4F836800D15D96 /* Base */,
			);
			name = LaunchScreen.storyboard;
			sourceTree = "<group>";
		};
/* End PBXVariantGroup section */

/* Begin XCBuildConfiguration section */
		BE34D9031D4F836800D15D96 /* Debug */ = {
			isa = XCBuildConfiguration;
			buildSettings = {
				ALWAYS_SEARCH_USER_PATHS = NO;
				CLANG_ANALYZER_NONNULL = YES;
				CLANG_CXX_LANGUAGE_STANDARD = "gnu++0x";
				CLANG_CXX_LIBRARY = "libc++";
				CLANG_ENABLE_MODULES = YES;
				CLANG_ENABLE_OBJC_ARC = YES;
				CLANG_WARN_BOOL_CONVERSION = YES;
				CLANG_WARN_CONSTANT_CONVERSION = YES;
				CLANG_WARN_DIRECT_OBJC_ISA_USAGE = YES_ERROR;
				CLANG_WARN_DOCUMENTATION_COMMENTS = YES;
				CLANG_WARN_EMPTY_BODY = YES;
				CLANG_WARN_ENUM_CONVERSION = YES;
				CLANG_WARN_INT_CONVERSION = YES;
				CLANG_WARN_OBJC_ROOT_CLASS = YES_ERROR;
				CLANG_WARN_UNREACHABLE_CODE = YES;
				CLANG_WARN__DUPLICATE_METHOD_MATCH = YES;
				"CODE_SIGN_IDENTITY[sdk=iphoneos*]" = "iPhone Developer";
				COPY_PHASE_STRIP = NO;
				DEBUG_INFORMATION_FORMAT = dwarf;
				ENABLE_STRICT_OBJC_MSGSEND = YES;
				ENABLE_TESTABILITY = YES;
				GCC_C_LANGUAGE_STANDARD = gnu99;
				GCC_DYNAMIC_NO_PIC = NO;
				GCC_NO_COMMON_BLOCKS = YES;
				GCC_OPTIMIZATION_LEVEL = 0;
				GCC_PREPROCESSOR_DEFINITIONS = (
					"DEBUG=1",
					"$(inherited)",
				);
				GCC_WARN_64_TO_32_BIT_CONVERSION = YES;
				GCC_WARN_ABOUT_RETURN_TYPE = YES_ERROR;
				GCC_WARN_UNDECLARED_SELECTOR = YES;
				GCC_WARN_UNINITIALIZED_AUTOS = YES_AGGRESSIVE;
				GCC_WARN_UNUSED_FUNCTION = YES;
				GCC_WARN_UNUSED_VARIABLE = YES;
				IPHONEOS_DEPLOYMENT_TARGET = 10.0;
				MTL_ENABLE_DEBUG_INFO = YES;
				ONLY_ACTIVE_ARCH = YES;
				SDKROOT = iphoneos;
				SWIFT_ACTIVE_COMPILATION_CONDITIONS = DEBUG;
				SWIFT_OPTIMIZATION_LEVEL = "-Onone";
				TARGETED_DEVICE_FAMILY = "1,2";
			};
			name = Debug;
		};
		BE34D9041D4F836800D15D96 /* Release */ = {
			isa = XCBuildConfiguration;
			buildSettings = {
				ALWAYS_SEARCH_USER_PATHS = NO;
				CLANG_ANALYZER_NONNULL = YES;
				CLANG_CXX_LANGUAGE_STANDARD = "gnu++0x";
				CLANG_CXX_LIBRARY = "libc++";
				CLANG_ENABLE_MODULES = YES;
				CLANG_ENABLE_OBJC_ARC = YES;
				CLANG_WARN_BOOL_CONVERSION = YES;
				CLANG_WARN_CONSTANT_CONVERSION = YES;
				CLANG_WARN_DIRECT_OBJC_ISA_USAGE = YES_ERROR;
				CLANG_WARN_DOCUMENTATION_COMMENTS = YES;
				CLANG_WARN_EMPTY_BODY = YES;
				CLANG_WARN_ENUM_CONVERSION = YES;
				CLANG_WARN_INT_CONVERSION = YES;
				CLANG_WARN_OBJC_ROOT_CLASS = YES_ERROR;
				CLANG_WARN_UNREACHABLE_CODE = YES;
				CLANG_WARN__DUPLICATE_METHOD_MATCH = YES;
				"CODE_SIGN_IDENTITY[sdk=iphoneos*]" = "iPhone Developer";
				COPY_PHASE_STRIP = NO;
				DEBUG_INFORMATION_FORMAT = "dwarf-with-dsym";
				ENABLE_NS_ASSERTIONS = NO;
				ENABLE_STRICT_OBJC_MSGSEND = YES;
				GCC_C_LANGUAGE_STANDARD = gnu99;
				GCC_NO_COMMON_BLOCKS = YES;
				GCC_WARN_64_TO_32_BIT_CONVERSION = YES;
				GCC_WARN_ABOUT_RETURN_TYPE = YES_ERROR;
				GCC_WARN_UNDECLARED_SELECTOR = YES;
				GCC_WARN_UNINITIALIZED_AUTOS = YES_AGGRESSIVE;
				GCC_WARN_UNUSED_FUNCTION = YES;
				GCC_WARN_UNUSED_VARIABLE = YES;
				IPHONEOS_DEPLOYMENT_TARGET = 10.0;
				MTL_ENABLE_DEBUG_INFO = NO;
				SDKROOT = iphoneos;
				SWIFT_OPTIMIZATION_LEVEL = "-Owholemodule";
				TARGETED_DEVICE_FAMILY = "1,2";
				VALIDATE_PRODUCT = YES;
			};
			name = Release;
		};
		BE34D9061D4F836800D15D96 /* Debug */ = {
			isa = XCBuildConfiguration;
			baseConfigurationReference = 857C28113FA0886FA6A180F6 /* Pods-newAeolus.debug.xcconfig */;
			buildSettings = {
				ALWAYS_EMBED_SWIFT_STANDARD_LIBRARIES = YES;
				ASSETCATALOG_COMPILER_APPICON_NAME = AppIcon;
				INFOPLIST_FILE = newAeolus/Info.plist;
				LD_RUNPATH_SEARCH_PATHS = "$(inherited) @executable_path/Frameworks";
				PRODUCT_BUNDLE_IDENTIFIER = projects.joshy.newAeolus;
				PRODUCT_NAME = "$(TARGET_NAME)";
				SWIFT_VERSION = 3.0;
			};
			name = Debug;
		};
		BE34D9071D4F836800D15D96 /* Release */ = {
			isa = XCBuildConfiguration;
			baseConfigurationReference = 4B4753A1B2DDA9AB65CCC72C /* Pods-newAeolus.release.xcconfig */;
			buildSettings = {
				ALWAYS_EMBED_SWIFT_STANDARD_LIBRARIES = YES;
				ASSETCATALOG_COMPILER_APPICON_NAME = AppIcon;
				INFOPLIST_FILE = newAeolus/Info.plist;
				LD_RUNPATH_SEARCH_PATHS = "$(inherited) @executable_path/Frameworks";
				PRODUCT_BUNDLE_IDENTIFIER = projects.joshy.newAeolus;
				PRODUCT_NAME = "$(TARGET_NAME)";
				SWIFT_VERSION = 3.0;
			};
			name = Release;
		};
/* End XCBuildConfiguration section */

/* Begin XCConfigurationList section */
		BE34D8EE1D4F836700D15D96 /* Build configuration list for PBXProject "newAeolus" */ = {
			isa = XCConfigurationList;
			buildConfigurations = (
				BE34D9031D4F836800D15D96 /* Debug */,
				BE34D9041D4F836800D15D96 /* Release */,
			);
			defaultConfigurationIsVisible = 0;
			defaultConfigurationName = Release;
		};
		BE34D9051D4F836800D15D96 /* Build configuration list for PBXNativeTarget "newAeolus" */ = {
			isa = XCConfigurationList;
			buildConfigurations = (
				BE34D9061D4F836800D15D96 /* Debug */,
				BE34D9071D4F836800D15D96 /* Release */,
			);
			defaultConfigurationIsVisible = 0;
			defaultConfigurationName = Release;
		};
/* End XCConfigurationList section */
	};
	rootObject = BE34D8EB1D4F836700D15D96 /* Project object */;
}
